
Microsoft Visual Studio Solution File, Format Version 12.00
# Visual Studio Version 17
VisualStudioVersion = 17.2.32505.173
MinimumVisualStudioVersion = 10.0.40219.1
Project("{9A19103F-16F7-4668-BE54-9A1E7A4F7556}") = "Fintech", "Fintech\Fintech.csproj", "{E9FE18D9-22E2-49BB-8B23-2818B96E5033}"
EndProject
Project("{FAE04EC0-301F-11D3-BF4B-00C04F79EFBC}") = "FilesBatchService", "FilesBatchService\FilesBatchService.csproj", "{0C1667C3-48F7-4002-85EC-AABE9CFC5066}"
EndProject
Global
	GlobalSection(SolutionConfigurationPlatforms) = preSolution
		Debug|Any CPU = Debug|Any CPU
		Release|Any CPU = Release|Any CPU
	EndGlobalSection
	GlobalSection(ProjectConfigurationPlatforms) = postSolution
		{E9FE18D9-22E2-49BB-8B23-2818B96E5033}.Debug|Any CPU.ActiveCfg = Debug|Any CPU
		{E9FE18D9-22E2-49BB-8B23-2818B96E5033}.Debug|Any CPU.Build.0 = Debug|Any CPU
		{E9FE18D9-22E2-49BB-8B23-2818B96E5033}.Release|Any CPU.ActiveCfg = Release|Any CPU
		{E9FE18D9-22E2-49BB-8B23-2818B96E5033}.Release|Any CPU.Build.0 = Release|Any CPU
		{0C1667C3-48F7-4002-85EC-AABE9CFC5066}.Debug|Any CPU.ActiveCfg = Debug|Any CPU
		{0C1667C3-48F7-4002-85EC-AABE9CFC5066}.Debug|Any CPU.Build.0 = Debug|Any CPU
		{0C1667C3-48F7-4002-85EC-AABE9CFC5066}.Release|Any CPU.ActiveCfg = Release|Any CPU
		{0C1667C3-48F7-4002-85EC-AABE9CFC5066}.Release|Any CPU.Build.0 = Release|Any CPU
	EndGlobalSection
	GlobalSection(SolutionProperties) = preSolution
		HideSolutionNode = FALSE
	EndGlobalSection
	GlobalSection(ExtensibilityGlobals) = postSolution
		SolutionGuid = {7036584F-FC3F-40BE-B452-6E288021EEB5}
	EndGlobalSection
EndGlobal
